{
    "requires": true,
    "lockfileVersion": 1,
    "dependencies": {
        "typescript": {
            "version": "4.9.4",
            "resolved": "https://registry.npmjs.org/typescript/-/typescript-4.9.4.tgz",
            "integrity": "sha512-Uz+dTXYzxXXbsFpM86Wh3dKCxrQqUcVMxwU54orwlJjOpO3ao8L7j5lH+dWfTwgCwIuM9GQ2kvVotzYJMXTBZg=="
        }
    }
}
